
Microsoft Visual Studio Solution File, Format Version 12.00
# Visual Studio Version 17
VisualStudioVersion = 17.5.33516.290
MinimumVisualStudioVersion = 10.0.40219.1
Project("{9A19103F-16F7-4668-BE54-9A1E7A4F7556}") = "projectTestAPP", "projectTestAPP\projectTestAPP.csproj", "{48295AF9-4B02-4C90-85C4-3A2DC40F0A8F}"
EndProject
Project("{9A19103F-16F7-4668-BE54-9A1E7A4F7556}") = "projetUtility", "projetUtility\projetUtility.csproj", "{BE548682-67AB-4DC1-8021-EE531A3FB94E}"
EndProject
Project("{9A19103F-16F7-4668-BE54-9A1E7A4F7556}") = "projetModels", "projetModels\projetModels.csproj", "{F9DAA32F-4A1F-433F-9D40-6C2C207D707A}"
EndProject
Project("{9A19103F-16F7-4668-BE54-9A1E7A4F7556}") = "projetDataAccess", "projetDataAccess\projetDataAccess.csproj", "{0503FF55-F22B-4EBE-8922-D1C326EC2D9C}"
EndProject
Global
	GlobalSection(SolutionConfigurationPlatforms) = preSolution
		Debug|Any CPU = Debug|Any CPU
		Release|Any CPU = Release|Any CPU
	EndGlobalSection
	GlobalSection(ProjectConfigurationPlatforms) = postSolution
		{48295AF9-4B02-4C90-85C4-3A2DC40F0A8F}.Debug|Any CPU.ActiveCfg = Debug|Any CPU
		{48295AF9-4B02-4C90-85C4-3A2DC40F0A8F}.Debug|Any CPU.Build.0 = Debug|Any CPU
		{48295AF9-4B02-4C90-85C4-3A2DC40F0A8F}.Release|Any CPU.ActiveCfg = Release|Any CPU
		{48295AF9-4B02-4C90-85C4-3A2DC40F0A8F}.Release|Any CPU.Build.0 = Release|Any CPU
		{BE548682-67AB-4DC1-8021-EE531A3FB94E}.Debug|Any CPU.ActiveCfg = Debug|Any CPU
		{BE548682-67AB-4DC1-8021-EE531A3FB94E}.Debug|Any CPU.Build.0 = Debug|Any CPU
		{BE548682-67AB-4DC1-8021-EE531A3FB94E}.Release|Any CPU.ActiveCfg = Release|Any CPU
		{BE548682-67AB-4DC1-8021-EE531A3FB94E}.Release|Any CPU.Build.0 = Release|Any CPU
		{F9DAA32F-4A1F-433F-9D40-6C2C207D707A}.Debug|Any CPU.ActiveCfg = Debug|Any CPU
		{F9DAA32F-4A1F-433F-9D40-6C2C207D707A}.Debug|Any CPU.Build.0 = Debug|Any CPU
		{F9DAA32F-4A1F-433F-9D40-6C2C207D707A}.Release|Any CPU.ActiveCfg = Release|Any CPU
		{F9DAA32F-4A1F-433F-9D40-6C2C207D707A}.Release|Any CPU.Build.0 = Release|Any CPU
		{0503FF55-F22B-4EBE-8922-D1C326EC2D9C}.Debug|Any CPU.ActiveCfg = Debug|Any CPU
		{0503FF55-F22B-4EBE-8922-D1C326EC2D9C}.Debug|Any CPU.Build.0 = Debug|Any CPU
		{0503FF55-F22B-4EBE-8922-D1C326EC2D9C}.Release|Any CPU.ActiveCfg = Release|Any CPU
		{0503FF55-F22B-4EBE-8922-D1C326EC2D9C}.Release|Any CPU.Build.0 = Release|Any CPU
	EndGlobalSection
	GlobalSection(SolutionProperties) = preSolution
		HideSolutionNode = FALSE
	EndGlobalSection
	GlobalSection(ExtensibilityGlobals) = postSolution
		SolutionGuid = {6F7BC05A-0AD5-4875-81F4-E1DED883128C}
	EndGlobalSection
EndGlobal
